
Microsoft Visual Studio Solution File, Format Version 12.00
# Visual Studio Version 17
VisualStudioVersion = 17.13.35825.156 d17.13
MinimumVisualStudioVersion = 10.0.40219.1
Project("{FAE04EC0-301F-11D3-BF4B-00C04F79EFBC}") = "VoiceMeeter-Overlay", "VoiceMeeter-Overlay.csproj", "{4B142953-247B-431C-B65E-07137EC82643}"
EndProject
Global
	GlobalSection(SolutionConfigurationPlatforms) = preSolution
		Debug|Any CPU = Debug|Any CPU
		Release|Any CPU = Release|Any CPU
	EndGlobalSection
	GlobalSection(ProjectConfigurationPlatforms) = postSolution
		{4B142953-247B-431C-B65E-07137EC82643}.Debug|Any CPU.ActiveCfg = Debug|Any CPU
		{4B142953-247B-431C-B65E-07137EC82643}.Debug|Any CPU.Build.0 = Debug|Any CPU
		{4B142953-247B-431C-B65E-07137EC82643}.Release|Any CPU.ActiveCfg = Release|Any CPU
		{4B142953-247B-431C-B65E-07137EC82643}.Release|Any CPU.Build.0 = Release|Any CPU
	EndGlobalSection
	GlobalSection(SolutionProperties) = preSolution
		HideSolutionNode = FALSE
	EndGlobalSection
	GlobalSection(ExtensibilityGlobals) = postSolution
		SolutionGuid = {50613412-3423-46C4-8789-2A4F0DF04C58}
	EndGlobalSection
EndGlobal
